
Microsoft Visual Studio Solution File, Format Version 12.00
# Visual Studio 15
VisualStudioVersion = 15.0.27130.2003
MinimumVisualStudioVersion = 10.0.40219.1
Project("{FAE04EC0-301F-11D3-BF4B-00C04F79EFBC}") = "api", "api\api.csproj", "{CACA7387-23B7-4FC4-B6C9-2FC96CEC8BAE}"
EndProject
Global
	GlobalSection(SolutionConfigurationPlatforms) = preSolution
		Debug|Any CPU = Debug|Any CPU
		Release|Any CPU = Release|Any CPU
	EndGlobalSection
	GlobalSection(ProjectConfigurationPlatforms) = postSolution
		{CACA7387-23B7-4FC4-B6C9-2FC96CEC8BAE}.Debug|Any CPU.ActiveCfg = Debug|Any CPU
		{CACA7387-23B7-4FC4-B6C9-2FC96CEC8BAE}.Debug|Any CPU.Build.0 = Debug|Any CPU
		{CACA7387-23B7-4FC4-B6C9-2FC96CEC8BAE}.Release|Any CPU.ActiveCfg = Release|Any CPU
		{CACA7387-23B7-4FC4-B6C9-2FC96CEC8BAE}.Release|Any CPU.Build.0 = Release|Any CPU
	EndGlobalSection
	GlobalSection(SolutionProperties) = preSolution
		HideSolutionNode = FALSE
	EndGlobalSection
	GlobalSection(ExtensibilityGlobals) = postSolution
		EnterpriseLibraryConfigurationToolBinariesPath = packages\Unity.2.1.505.2\lib\NET35
		SolutionGuid = {F1B87E75-640B-4C7F-A407-2E37821AF024}
	EndGlobalSection
EndGlobal
